// !$*UTF8*$!
{
	archiveVersion = 1;
	classes = {
	};
	objectVersion = 50;
	objects = {

/* Begin PBXBuildFile section */
		440989B022F5EAEC006B22CE /* AppDelegate.swift in Sources */ = {isa = PBXBuildFile; fileRef = 440989AF22F5EAEC006B22CE /* AppDelegate.swift */; };
		440989B222F5EAEC006B22CE /* ViewController.swift in Sources */ = {isa = PBXBuildFile; fileRef = 440989B122F5EAEC006B22CE /* ViewController.swift */; };
		440989B522F5EAEC006B22CE /* Main.storyboard in Resources */ = {isa = PBXBuildFile; fileRef = 440989B322F5EAEC006B22CE /* Main.storyboard */; };
		440989B722F5EAEF006B22CE /* Assets.xcassets in Resources */ = {isa = PBXBuildFile; fileRef = 440989B622F5EAEF006B22CE /* Assets.xcassets */; };
		440989BA22F5EAEF006B22CE /* LaunchScreen.storyboard in Resources */ = {isa = PBXBuildFile; fileRef = 440989B822F5EAEF006B22CE /* LaunchScreen.storyboard */; };
		440989F722F5ED84006B22CE /* AppBox.framework in Frameworks */ = {isa = PBXBuildFile; fileRef = 440989F622F5ED84006B22CE /* AppBox.framework */; };
		440989F822F5ED84006B22CE /* AppBox.framework in Embed Frameworks */ = {isa = PBXBuildFile; fileRef = 440989F622F5ED84006B22CE /* AppBox.framework */; settings = {ATTRIBUTES = (CodeSignOnCopy, RemoveHeadersOnCopy, ); }; };
/* End PBXBuildFile section */

/* Begin PBXCopyFilesBuildPhase section */
		440989F922F5ED85006B22CE /* Embed Frameworks */ = {
			isa = PBXCopyFilesBuildPhase;
			buildActionMask = 2147483647;
			dstPath = "";
			dstSubfolderSpec = 10;
			files = (
				440989F822F5ED84006B22CE /* AppBox.framework in Embed Frameworks */,
			);
			name = "Embed Frameworks";
			runOnlyForDeploymentPostprocessing = 0;
		};
/* End PBXCopyFilesBuildPhase section */

/* Begin PBXFileReference section */
		440989AC22F5EAEC006B22CE /* AppBoxSDKDemo.app */ = {isa = PBXFileReference; explicitFileType = wrapper.application; includeInIndex = 0; path = AppBoxSDKDemo.app; sourceTree = BUILT_PRODUCTS_DIR; };
		440989AF22F5EAEC006B22CE /* AppDelegate.swift */ = {isa = PBXFileReference; lastKnownFileType = sourcecode.swift; path = AppDelegate.swift; sourceTree = "<group>"; };
		440989B122F5EAEC006B22CE /* ViewController.swift */ = {isa = PBXFileReference; lastKnownFileType = sourcecode.swift; path = ViewController.swift; sourceTree = "<group>"; };
		440989B422F5EAEC006B22CE /* Base */ = {isa = PBXFileReference; lastKnownFileType = file.storyboard; name = Base; path = Base.lproj/Main.storyboard; sourceTree = "<group>"; };
		440989B622F5EAEF006B22CE /* Assets.xcassets */ = {isa = PBXFileReference; lastKnownFileType = folder.assetcatalog; path = Assets.xcassets; sourceTree = "<group>"; };
		440989B922F5EAEF006B22CE /* Base */ = {isa = PBXFileReference; lastKnownFileType = file.storyboard; name = Base; path = Base.lproj/LaunchScreen.storyboard; sourceTree = "<group>"; };
		440989BB22F5EAEF006B22CE /* Info.plist */ = {isa = PBXFileReference; lastKnownFileType = text.plist.xml; path = Info.plist; sourceTree = "<group>"; };
		440989F622F5ED84006B22CE /* AppBox.framework */ = {isa = PBXFileReference; explicitFileType = wrapper.framework; path = AppBox.framework; sourceTree = BUILT_PRODUCTS_DIR; };
/* End PBXFileReference section */

/* Begin PBXFrameworksBuildPhase section */
		440989A922F5EAEC006B22CE /* Frameworks */ = {
			isa = PBXFrameworksBuildPhase;
			buildActionMask = 2147483647;
			files = (
				440989F722F5ED84006B22CE /* AppBox.framework in Frameworks */,
			);
			runOnlyForDeploymentPostprocessing = 0;
		};
/* End PBXFrameworksBuildPhase section */

/* Begin PBXGroup section */
		440989A322F5EAEC006B22CE = {
			isa = PBXGroup;
			children = (
				440989F622F5ED84006B22CE /* AppBox.framework */,
				440989AE22F5EAEC006B22CE /* AppBoxSDKDemo */,
				440989AD22F5EAEC006B22CE /* Products */,
			);
			sourceTree = "<group>";
		};
		440989AD22F5EAEC006B22CE /* Products */ = {
			isa = PBXGroup;
			children = (
				440989AC22F5EAEC006B22CE /* AppBoxSDKDemo.app */,
			);
			name = Products;
			sourceTree = "<group>";
		};
		440989AE22F5EAEC006B22CE /* AppBoxSDKDemo */ = {
			isa = PBXGroup;
			children = (
				440989AF22F5EAEC006B22CE /* AppDelegate.swift */,
				440989B122F5EAEC006B22CE /* ViewController.swift */,
				440989B322F5EAEC006B22CE /* Main.storyboard */,
				440989B622F5EAEF006B22CE /* Assets.xcassets */,
				440989B822F5EAEF006B22CE /* LaunchScreen.storyboard */,
				440989BB22F5EAEF006B22CE /* Info.plist */,
			);
			path = AppBoxSDKDemo;
			sourceTree = "<group>";
		};
/* End PBXGroup section */

/* Begin PBXNativeTarget section */
		440989AB22F5EAEC006B22CE /* AppBoxSDKDemo */ = {
			isa = PBXNativeTarget;
			buildConfigurationList = 440989BE22F5EAEF006B22CE /* Build configuration list for PBXNativeTarget "AppBoxSDKDemo" */;
			buildPhases = (
				440989A822F5EAEC006B22CE /* Sources */,
				440989A922F5EAEC006B22CE /* Frameworks */,
				440989AA22F5EAEC006B22CE /* Resources */,
				440989F922F5ED85006B22CE /* Embed Frameworks */,
			);
			buildRules = (
			);
			dependencies = (
			);
			name = AppBoxSDKDemo;
			productName = AppBoxSDKDemo;
			productReference = 440989AC22F5EAEC006B22CE /* AppBoxSDKDemo.app */;
			productType = "com.apple.product-type.application";
		};
/* End PBXNativeTarget section */

/* Begin PBXProject section */
		440989A422F5EAEC006B22CE /* Project object */ = {
			isa = PBXProject;
			attributes = {
				LastSwiftUpdateCheck = 1010;
				LastUpgradeCheck = 1010;
				ORGANIZATIONNAME = "Developer Insdier";
				TargetAttributes = {
					440989AB22F5EAEC006B22CE = {
						CreatedOnToolsVersion = 10.1;
					};
				};
			};
			buildConfigurationList = 440989A722F5EAEC006B22CE /* Build configuration list for PBXProject "AppBoxSDKDemo" */;
			compatibilityVersion = "Xcode 9.3";
			developmentRegion = en;
			hasScannedForEncodings = 0;
			knownRegions = (
				en,
				Base,
			);
			mainGroup = 440989A322F5EAEC006B22CE;
			productRefGroup = 440989AD22F5EAEC006B22CE /* Products */;
			projectDirPath = "";
			projectRoot = "";
			targets = (
				440989AB22F5EAEC006B22CE /* AppBoxSDKDemo */,
			);
		};
/* End PBXProject section */

/* Begin PBXResourcesBuildPhase section */
		440989AA22F5EAEC006B22CE /* Resources */ = {
			isa = PBXResourcesBuildPhase;
			buildActionMask = 2147483647;
			files = (
				440989BA22F5EAEF006B22CE /* LaunchScreen.storyboard in Resources */,
				440989B722F5EAEF006B22CE /* Assets.xcassets in Resources */,
				440989B522F5EAEC006B22CE /* Main.storyboard in Resources */,
			);
			runOnlyForDeploymentPostprocessing = 0;
		};
/* End PBXResourcesBuildPhase section */

/* Begin PBXSourcesBuildPhase section */
		440989A822F5EAEC006B22CE /* Sources */ = {
			isa = PBXSourcesBuildPhase;
			buildActionMask = 2147483647;
			files = (
				440989B222F5EAEC006B22CE /* ViewController.swift in Sources */,
				440989B022F5EAEC006B22CE /* AppDelegate.swift in Sources */,
			);
			runOnlyForDeploymentPostprocessing = 0;
		};
/* End PBXSourcesBuildPhase section */

/* Begin PBXVariantGroup section */
		440989B322F5EAEC006B22CE /* Main.storyboard */ = {
			isa = PBXVariantGroup;
			children = (
				440989B422F5EAEC006B22CE /* Base */,
			);
			name = Main.storyboard;
			sourceTree = "<group>";
		};
		440989B822F5EAEF006B22CE /* LaunchScreen.storyboard */ = {
			isa = PBXVariantGroup;
			children = (
				440989B922F5EAEF006B22CE /* Base */,
			);
			name = LaunchScreen.storyboard;
			sourceTree = "<group>";
		};
/* End PBXVariantGroup section */

/* Begin XCBuildConfiguration section */
		440989BC22F5EAEF006B22CE /* Debug */ = {
			isa = XCBuildConfiguration;
			buildSettings = {
				ALWAYS_SEARCH_USER_PATHS = NO;
				CLANG_ANALYZER_NONNULL = YES;
				CLANG_ANALYZER_NUMBER_OBJECT_CONVERSION = YES_AGGRESSIVE;
				CLANG_CXX_LANGUAGE_STANDARD = "gnu++14";
				CLANG_CXX_LIBRARY = "libc++";
				CLANG_ENABLE_MODULES = YES;
				CLANG_ENABLE_OBJC_ARC = YES;
				CLANG_ENABLE_OBJC_WEAK = YES;
				CLANG_WARN_BLOCK_CAPTURE_AUTORELEASING = YES;
				CLANG_WARN_BOOL_CONVERSION = YES;
				CLANG_WARN_COMMA = YES;
				CLANG_WARN_CONSTANT_CONVERSION = YES;
				CLANG_WARN_DEPRECATED_OBJC_IMPLEMENTATIONS = YES;
				CLANG_WARN_DIRECT_OBJC_ISA_USAGE = YES_ERROR;
				CLANG_WARN_DOCUMENTATION_COMMENTS = YES;
				CLANG_WARN_EMPTY_BODY = YES;
				CLANG_WARN_ENUM_CONVERSION = YES;
				CLANG_WARN_INFINITE_RECURSION = YES;
				CLANG_WARN_INT_CONVERSION = YES;
				CLANG_WARN_NON_LITERAL_NULL_CONVERSION = YES;
				CLANG_WARN_OBJC_IMPLICIT_RETAIN_SELF = YES;
				CLANG_WARN_OBJC_LITERAL_CONVERSION = YES;
				CLANG_WARN_OBJC_ROOT_CLASS = YES_ERROR;
				CLANG_WARN_RANGE_LOOP_ANALYSIS = YES;
				CLANG_WARN_STRICT_PROTOTYPES = YES;
				CLANG_WARN_SUSPICIOUS_MOVE = YES;
				CLANG_WARN_UNGUARDED_AVAILABILITY = YES_AGGRESSIVE;
				CLANG_WARN_UNREACHABLE_CODE = YES;
				CLANG_WARN__DUPLICATE_METHOD_MATCH = YES;
				CODE_SIGN_IDENTITY = "iPhone Developer";
				COPY_PHASE_STRIP = NO;
				DEBUG_INFORMATION_FORMAT = dwarf;
				ENABLE_STRICT_OBJC_MSGSEND = YES;
				ENABLE_TESTABILITY = YES;
				GCC_C_LANGUAGE_STANDARD = gnu11;
				GCC_DYNAMIC_NO_PIC = NO;
				GCC_NO_COMMON_BLOCKS = YES;
				GCC_OPTIMIZATION_LEVEL = 0;
				GCC_PREPROCESSOR_DEFINITIONS = (
					"DEBUG=1",
					"$(inherited)",
				);
				GCC_WARN_64_TO_32_BIT_CONVERSION = YES;
				GCC_WARN_ABOUT_RETURN_TYPE = YES_ERROR;
				GCC_WARN_UNDECLARED_SELECTOR = YES;
				GCC_WARN_UNINITIALIZED_AUTOS = YES_AGGRESSIVE;
				GCC_WARN_UNUSED_FUNCTION = YES;
				GCC_WARN_UNUSED_VARIABLE = YES;
				IPHONEOS_DEPLOYMENT_TARGET = 12.1;
				MTL_ENABLE_DEBUG_INFO = INCLUDE_SOURCE;
				MTL_FAST_MATH = YES;
				ONLY_ACTIVE_ARCH = YES;
				SDKROOT = iphoneos;
				SWIFT_ACTIVE_COMPILATION_CONDITIONS = DEBUG;
				SWIFT_OPTIMIZATION_LEVEL = "-Onone";
			};
			name = Debug;
		};
		440989BD22F5EAEF006B22CE /* Release */ = {
			isa = XCBuildConfiguration;
			buildSettings = {
				ALWAYS_SEARCH_USER_PATHS = NO;
				CLANG_ANALYZER_NONNULL = YES;
				CLANG_ANALYZER_NUMBER_OBJECT_CONVERSION = YES_AGGRESSIVE;
				CLANG_CXX_LANGUAGE_STANDARD = "gnu++14";
				CLANG_CXX_LIBRARY = "libc++";
				CLANG_ENABLE_MODULES = YES;
				CLANG_ENABLE_OBJC_ARC = YES;
				CLANG_ENABLE_OBJC_WEAK = YES;
				CLANG_WARN_BLOCK_CAPTURE_AUTORELEASING = YES;
				CLANG_WARN_BOOL_CONVERSION = YES;
				CLANG_WARN_COMMA = YES;
				CLANG_WARN_CONSTANT_CONVERSION = YES;
				CLANG_WARN_DEPRECATED_OBJC_IMPLEMENTATIONS = YES;
				CLANG_WARN_DIRECT_OBJC_ISA_USAGE = YES_ERROR;
				CLANG_WARN_DOCUMENTATION_COMMENTS = YES;
				CLANG_WARN_EMPTY_BODY = YES;
				CLANG_WARN_ENUM_CONVERSION = YES;
				CLANG_WARN_INFINITE_RECURSION = YES;
				CLANG_WARN_INT_CONVERSION = YES;
				CLANG_WARN_NON_LITERAL_NULL_CONVERSION = YES;
				CLANG_WARN_OBJC_IMPLICIT_RETAIN_SELF = YES;
				CLANG_WARN_OBJC_LITERAL_CONVERSION = YES;
				CLANG_WARN_OBJC_ROOT_CLASS = YES_ERROR;
				CLANG_WARN_RANGE_LOOP_ANALYSIS = YES;
				CLANG_WARN_STRICT_PROTOTYPES = YES;
				CLANG_WARN_SUSPICIOUS_MOVE = YES;
				CLANG_WARN_UNGUARDED_AVAILABILITY = YES_AGGRESSIVE;
				CLANG_WARN_UNREACHABLE_CODE = YES;
				CLANG_WARN__DUPLICATE_METHOD_MATCH = YES;
				CODE_SIGN_IDENTITY = "iPhone Developer";
				COPY_PHASE_STRIP = NO;
				DEBUG_INFORMATION_FORMAT = "dwarf-with-dsym";
				ENABLE_NS_ASSERTIONS = NO;
				ENABLE_STRICT_OBJC_MSGSEND = YES;
				GCC_C_LANGUAGE_STANDARD = gnu11;
				GCC_NO_COMMON_BLOCKS = YES;
				GCC_WARN_64_TO_32_BIT_CONVERSION = YES;
				GCC_WARN_ABOUT_RETURN_TYPE = YES_ERROR;
				GCC_WARN_UNDECLARED_SELECTOR = YES;
				GCC_WARN_UNINITIALIZED_AUTOS = YES_AGGRESSIVE;
				GCC_WARN_UNUSED_FUNCTION = YES;
				GCC_WARN_UNUSED_VARIABLE = YES;
				IPHONEOS_DEPLOYMENT_TARGET = 12.1;
				MTL_ENABLE_DEBUG_INFO = NO;
				MTL_FAST_MATH = YES;
				SDKROOT = iphoneos;
				SWIFT_COMPILATION_MODE = wholemodule;
				SWIFT_OPTIMIZATION_LEVEL = "-O";
				VALIDATE_PRODUCT = YES;
			};
			name = Release;
		};
		440989BF22F5EAEF006B22CE /* Debug */ = {
			isa = XCBuildConfiguration;
			buildSettings = {
				ASSETCATALOG_COMPILER_APPICON_NAME = AppIcon;
				CODE_SIGN_STYLE = Automatic;
				INFOPLIST_FILE = AppBoxSDKDemo/Info.plist;
				LD_RUNPATH_SEARCH_PATHS = (
					"$(inherited)",
					"@executable_path/Frameworks",
				);
				PRODUCT_BUNDLE_IDENTIFIER = co.developerinsider.AppBoxSDKDemo;
				PRODUCT_NAME = "$(TARGET_NAME)";
				SWIFT_VERSION = 4.2;
				TARGETED_DEVICE_FAMILY = "1,2";
			};
			name = Debug;
		};
		440989C022F5EAEF006B22CE /* Release */ = {
			isa = XCBuildConfiguration;
			buildSettings = {
				ASSETCATALOG_COMPILER_APPICON_NAME = AppIcon;
				CODE_SIGN_STYLE = Automatic;
				INFOPLIST_FILE = AppBoxSDKDemo/Info.plist;
				LD_RUNPATH_SEARCH_PATHS = (
					"$(inherited)",
					"@executable_path/Frameworks",
				);
				PRODUCT_BUNDLE_IDENTIFIER = co.developerinsider.AppBoxSDKDemo;
				PRODUCT_NAME = "$(TARGET_NAME)";
				SWIFT_VERSION = 4.2;
				TARGETED_DEVICE_FAMILY = "1,2";
			};
			name = Release;
		};
/* End XCBuildConfiguration section */

/* Begin XCConfigurationList section */
		440989A722F5EAEC006B22CE /* Build configuration list for PBXProject "AppBoxSDKDemo" */ = {
			isa = XCConfigurationList;
			buildConfigurations = (
				440989BC22F5EAEF006B22CE /* Debug */,
				440989BD22F5EAEF006B22CE /* Release */,
			);
			defaultConfigurationIsVisible = 0;
			defaultConfigurationName = Release;
		};
		440989BE22F5EAEF006B22CE /* Build configuration list for PBXNativeTarget "AppBoxSDKDemo" */ = {
			isa = XCConfigurationList;
			buildConfigurations = (
				440989BF22F5EAEF006B22CE /* Debug */,
				440989C022F5EAEF006B22CE /* Release */,
			);
			defaultConfigurationIsVisible = 0;
			defaultConfigurationName = Release;
		};
/* End XCConfigurationList section */
	};
	rootObject = 440989A422F5EAEC006B22CE /* Project object */;
}
